{
  "originHash" : "66b826a3aadb4098e8cfd2627c0a68f1f7691156c4f42cb37c5f492a310b186d",
  "pins" : [
    {
      "identity" : "gtprogressbar",
      "kind" : "remoteSourceControl",
      "location" : "https://github.com/aporat/GTProgressBar.git",
      "state" : {
        "revision" : "bcd31d6a329b6112163b218ed12ca61d316775cf",
        "version" : "1.1.0"
      }
    },
    {
      "identity" : "snapkit",
      "kind" : "remoteSourceControl",
      "location" : "https://github.com/SnapKit/SnapKit.git",
      "state" : {
        "revision" : "e27a338a03a5f388de759da63f9baf7988ed9e00",
        "version" : "6.0.0"
      }
    }
  ],
  "version" : 3
}
