{
  "originHash" : "85353d8f110e818d5fc274e23c493151b9f2c1d22e38bc373a53ed73b49703dd",
  "pins" : [
    {
      "identity" : "gtprogressbar",
      "kind" : "remoteSourceControl",
      "location" : "https://github.com/aporat/GTProgressBar.git",
      "state" : {
        "revision" : "bcd31d6a329b6112163b218ed12ca61d316775cf",
        "version" : "1.1.0"
      }
    },
    {
      "identity" : "snapkit",
      "kind" : "remoteSourceControl",
      "location" : "https://github.com/SnapKit/SnapKit.git",
      "state" : {
        "revision" : "2842e6e84e82eb9a8dac0100ca90d9444b0307f4",
        "version" : "5.7.1"
      }
    }
  ],
  "version" : 3
}
